{
  "name": "FetchRewards",
  "lockfileVersion": 2,
  "requires": true,
  "packages": {
    "": {
      "dependencies": {
        "bootstrap-show-password": "^1.1.2"
      }
    },
    "node_modules/bootstrap-show-password": {
      "version": "1.1.2",
      "resolved": "https://registry.npmjs.org/bootstrap-show-password/-/bootstrap-show-password-1.1.2.tgz",
      "integrity": "sha1-iPfDOy/pj2G4kiDINEa0PZYkSFM="
    }
  },
  "dependencies": {
    "bootstrap-show-password": {
      "version": "1.1.2",
      "resolved": "https://registry.npmjs.org/bootstrap-show-password/-/bootstrap-show-password-1.1.2.tgz",
      "integrity": "sha1-iPfDOy/pj2G4kiDINEa0PZYkSFM="
    }
  }
}
